
Microsoft Visual Studio Solution File, Format Version 12.00
# Visual Studio Version 17
VisualStudioVersion = 17.9.34723.18
MinimumVisualStudioVersion = 10.0.40219.1
Project("{FAE04EC0-301F-11D3-BF4B-00C04F79EFBC}") = "LitreOfLight", "LitreOfLight\LitreOfLight.csproj", "{D97D56F9-2B85-4A59-9084-D98CB2D54521}"
EndProject
Global
	GlobalSection(SolutionConfigurationPlatforms) = preSolution
		Debug|Any CPU = Debug|Any CPU
		Release|Any CPU = Release|Any CPU
	EndGlobalSection
	GlobalSection(ProjectConfigurationPlatforms) = postSolution
		{D97D56F9-2B85-4A59-9084-D98CB2D54521}.Debug|Any CPU.ActiveCfg = Debug|Any CPU
		{D97D56F9-2B85-4A59-9084-D98CB2D54521}.Debug|Any CPU.Build.0 = Debug|Any CPU
		{D97D56F9-2B85-4A59-9084-D98CB2D54521}.Release|Any CPU.ActiveCfg = Release|Any CPU
		{D97D56F9-2B85-4A59-9084-D98CB2D54521}.Release|Any CPU.Build.0 = Release|Any CPU
	EndGlobalSection
	GlobalSection(SolutionProperties) = preSolution
		HideSolutionNode = FALSE
	EndGlobalSection
	GlobalSection(ExtensibilityGlobals) = postSolution
		SolutionGuid = {A0781ADA-6AC8-43EB-ADE0-F62F81894942}
	EndGlobalSection
EndGlobal
